// !$*UTF8*$!
{
	archiveVersion = 1;
	classes = {
	};
	objectVersion = 55;
	objects = {

/* Begin PBXBuildFile section */
		5601731B2B77087600093D55 /* ApplicationDelegate.swift in Sources */ = {isa = PBXBuildFile; fileRef = 5601731A2B77087600093D55 /* ApplicationDelegate.swift */; };
		5601731D2B7851B900093D55 /* SectionSettingsView.swift in Sources */ = {isa = PBXBuildFile; fileRef = 56C5132D2B2F6B3E00AC0340 /* SectionSettingsView.swift */; };
		560FA2432B2E26A4004ED11D /* HomeAssistant in Frameworks */ = {isa = PBXBuildFile; productRef = 560FA2422B2E26A4004ED11D /* HomeAssistant */; };
		5635F2892BBD4EFC000CC23D /* HAButton.swift in Sources */ = {isa = PBXBuildFile; fileRef = 5635F2882BBD4EFC000CC23D /* HAButton.swift */; };
		5635F28B2BBD670A000CC23D /* ApplicationContainer.swift in Sources */ = {isa = PBXBuildFile; fileRef = 5635F28A2BBD670A000CC23D /* ApplicationContainer.swift */; };
		564EDDC72BC71C5700E25C83 /* ButtonConfigurationView.swift in Sources */ = {isa = PBXBuildFile; fileRef = 564EDDC62BC71C5700E25C83 /* ButtonConfigurationView.swift */; };
		56509F672BC57D5C0047A63D /* EntitySelectionView.swift in Sources */ = {isa = PBXBuildFile; fileRef = 56509F662BC57D5C0047A63D /* EntitySelectionView.swift */; };
		565AF3B62BC682D000F1C884 /* VStackConfigurationViewModel.swift in Sources */ = {isa = PBXBuildFile; fileRef = 565AF3B52BC682D000F1C884 /* VStackConfigurationViewModel.swift */; };
		565AF3B82BC6865200F1C884 /* EntitySelectionViewModel.swift in Sources */ = {isa = PBXBuildFile; fileRef = 565AF3B72BC6865200F1C884 /* EntitySelectionViewModel.swift */; };
		565AF3BB2BC686B500F1C884 /* EntityAttachable.swift in Sources */ = {isa = PBXBuildFile; fileRef = 565AF3BA2BC686B500F1C884 /* EntityAttachable.swift */; };
		565AF3BE2BC6882200F1C884 /* HAVStack.swift in Sources */ = {isa = PBXBuildFile; fileRef = 565AF3BD2BC6882200F1C884 /* HAVStack.swift */; };
		565AF3C02BC698D700F1C884 /* EntityStore.swift in Sources */ = {isa = PBXBuildFile; fileRef = 565AF3BF2BC698D700F1C884 /* EntityStore.swift */; };
		565AF3C22BC6993B00F1C884 /* OctopusAgileStore.swift in Sources */ = {isa = PBXBuildFile; fileRef = 565AF3C12BC6993B00F1C884 /* OctopusAgileStore.swift */; };
		565AF3C42BC699DD00F1C884 /* DisplayableStore.swift in Sources */ = {isa = PBXBuildFile; fileRef = 565AF3C32BC699DD00F1C884 /* DisplayableStore.swift */; };
		565AF3C72BC6A19000F1C884 /* HAViewBuilder.swift in Sources */ = {isa = PBXBuildFile; fileRef = 565AF3C62BC6A19000F1C884 /* HAViewBuilder.swift */; };
		565AF3C92BC6A1B700F1C884 /* HASettingsViewBuilder.swift in Sources */ = {isa = PBXBuildFile; fileRef = 565AF3C82BC6A1B700F1C884 /* HASettingsViewBuilder.swift */; };
		565D614F2B2B612D00B9B051 /* IconMapper.swift in Sources */ = {isa = PBXBuildFile; fileRef = 565D614E2B2B612D00B9B051 /* IconMapper.swift */; };
		565D61512B2BA05C00B9B051 /* HADetailTextView.swift in Sources */ = {isa = PBXBuildFile; fileRef = 565D61502B2BA05C00B9B051 /* HADetailTextView.swift */; };
		565D61552B2BC4A800B9B051 /* Double.swift in Sources */ = {isa = PBXBuildFile; fileRef = 565D61542B2BC4A800B9B051 /* Double.swift */; };
		565F8A112B2A661300AFBB1E /* JSONDescription.swift in Sources */ = {isa = PBXBuildFile; fileRef = 565F8A102B2A661300AFBB1E /* JSONDescription.swift */; };
		56613BA02BC3E41C001668A9 /* HAEntityViewModel.swift in Sources */ = {isa = PBXBuildFile; fileRef = 56613B9F2BC3E41C001668A9 /* HAEntityViewModel.swift */; };
		56613BA32BC3E4A7001668A9 /* HAGauge.swift in Sources */ = {isa = PBXBuildFile; fileRef = 56613BA22BC3E4A7001668A9 /* HAGauge.swift */; };
		56613BA52BC3F24A001668A9 /* HAGaugeViewModel.swift in Sources */ = {isa = PBXBuildFile; fileRef = 56613BA42BC3F24A001668A9 /* HAGaugeViewModel.swift */; };
		56613BA82BC402CC001668A9 /* AddWidgetView.swift in Sources */ = {isa = PBXBuildFile; fileRef = 56613BA72BC402CC001668A9 /* AddWidgetView.swift */; };
		566574D72BBFE58900F7B69B /* HAButtonViewModel.swift in Sources */ = {isa = PBXBuildFile; fileRef = 566574D62BBFE58900F7B69B /* HAButtonViewModel.swift */; };
		566574DA2BBFE74E00F7B69B /* HAEntityView.swift in Sources */ = {isa = PBXBuildFile; fileRef = 566574D92BBFE74E00F7B69B /* HAEntityView.swift */; };
		566574DC2BBFF22D00F7B69B /* Localizable.xcstrings in Resources */ = {isa = PBXBuildFile; fileRef = 566574DB2BBFF22D00F7B69B /* Localizable.xcstrings */; };
		566DCFE22BB60A8E0041C0EB /* OctopusPriceList.swift in Sources */ = {isa = PBXBuildFile; fileRef = 566DCFE12BB60A8E0041C0EB /* OctopusPriceList.swift */; };
		568D546A2BB5BA0700E11B6D /* OctopusPricingVIew.swift in Sources */ = {isa = PBXBuildFile; fileRef = 568D54692BB5BA0700E11B6D /* OctopusPricingVIew.swift */; };
		568D546C2BB5BEFC00E11B6D /* TimeInterval.swift in Sources */ = {isa = PBXBuildFile; fileRef = 568D546B2BB5BEFC00E11B6D /* TimeInterval.swift */; };
		56AD26F42B2C72520076CAF2 /* StateTransformer.swift in Sources */ = {isa = PBXBuildFile; fileRef = 56AD26F32B2C72520076CAF2 /* StateTransformer.swift */; };
		56AD26F62B2C72960076CAF2 /* IconColorTransformer.swift in Sources */ = {isa = PBXBuildFile; fileRef = 56AD26F52B2C72960076CAF2 /* IconColorTransformer.swift */; };
		56AD282C2B2C7BE80076CAF2 /* Factory in Frameworks */ = {isa = PBXBuildFile; productRef = 56AD282B2B2C7BE80076CAF2 /* Factory */; };
		56C513302B2F6DC000AC0340 /* VStackConfigurationView.swift in Sources */ = {isa = PBXBuildFile; fileRef = 56C5132F2B2F6DC000AC0340 /* VStackConfigurationView.swift */; };
		56D7B0982B2EFC8E0005E627 /* HomeAssistantSettingsView.swift in Sources */ = {isa = PBXBuildFile; fileRef = 56D7B0972B2EFC8E0005E627 /* HomeAssistantSettingsView.swift */; };
		680AE98F2779C37500FC62A8 /* MediaPlayerView.swift in Sources */ = {isa = PBXBuildFile; fileRef = 680AE98E2779C37500FC62A8 /* MediaPlayerView.swift */; };
		680AE9912779C96200FC62A8 /* HABasicIconView.swift in Sources */ = {isa = PBXBuildFile; fileRef = 680AE9902779C96200FC62A8 /* HABasicIconView.swift */; };
		683259542776811900222A76 /* HeaderView.swift in Sources */ = {isa = PBXBuildFile; fileRef = 683259532776811900222A76 /* HeaderView.swift */; };
		68357E87277687FE004B2879 /* ColorManager.swift in Sources */ = {isa = PBXBuildFile; fileRef = 68357E86277687FE004B2879 /* ColorManager.swift */; };
		68357E89277688B4004B2879 /* TemperatureHumidityWidgetView.swift in Sources */ = {isa = PBXBuildFile; fileRef = 68357E88277688B4004B2879 /* TemperatureHumidityWidgetView.swift */; };
		6839796527766E420033DFBA /* homeassistant_nativeApp.swift in Sources */ = {isa = PBXBuildFile; fileRef = 6839796427766E420033DFBA /* homeassistant_nativeApp.swift */; };
		6839796727766E420033DFBA /* ContentView.swift in Sources */ = {isa = PBXBuildFile; fileRef = 6839796627766E420033DFBA /* ContentView.swift */; };
		6839796927766E440033DFBA /* Assets.xcassets in Resources */ = {isa = PBXBuildFile; fileRef = 6839796827766E440033DFBA /* Assets.xcassets */; };
		685FA1F127791EDD0061DF86 /* HASettingItemView.swift in Sources */ = {isa = PBXBuildFile; fileRef = 685FA1F027791EDD0061DF86 /* HASettingItemView.swift */; };
		68A3D5D92778D01400BFDE39 /* HAColorTileView.swift in Sources */ = {isa = PBXBuildFile; fileRef = 68A3D5D82778D01400BFDE39 /* HAColorTileView.swift */; };
		68A3D5DB2778D8F800BFDE39 /* HABrightnessSliderView.swift in Sources */ = {isa = PBXBuildFile; fileRef = 68A3D5DA2778D8F800BFDE39 /* HABrightnessSliderView.swift */; };
		68A3D5ED2779111900BFDE39 /* SwitchWidgetListView.swift in Sources */ = {isa = PBXBuildFile; fileRef = 68A3D5EC2779111900BFDE39 /* SwitchWidgetListView.swift */; };
		68C81E38277797BF00A99F04 /* DefaultTheme.xcassets in Resources */ = {isa = PBXBuildFile; fileRef = 68C81E37277797BF00A99F04 /* DefaultTheme.xcassets */; };
		68C81E3C277799B200A99F04 /* HAFootNoteView.swift in Sources */ = {isa = PBXBuildFile; fileRef = 68C81E3B277799B200A99F04 /* HAFootNoteView.swift */; };
		68C81E3E27779B5A00A99F04 /* HAMainTextView.swift in Sources */ = {isa = PBXBuildFile; fileRef = 68C81E3D27779B5A00A99F04 /* HAMainTextView.swift */; };
		68C81E4227779D7800A99F04 /* HABasicToggleView.swift in Sources */ = {isa = PBXBuildFile; fileRef = 68C81E4127779D7800A99F04 /* HABasicToggleView.swift */; };
		68C81E482777A58100A99F04 /* HAWidgetImageView.swift in Sources */ = {isa = PBXBuildFile; fileRef = 68C81E472777A58100A99F04 /* HAWidgetImageView.swift */; };
		68C81E4C2777B7AE00A99F04 /* ModalSettingsView.swift in Sources */ = {isa = PBXBuildFile; fileRef = 68C81E4B2777B7AE00A99F04 /* ModalSettingsView.swift */; };
		68C81E4E2777BC5900A99F04 /* HATitleTextView.swift in Sources */ = {isa = PBXBuildFile; fileRef = 68C81E4D2777BC5900A99F04 /* HATitleTextView.swift */; };
/* End PBXBuildFile section */

/* Begin PBXFileReference section */
		5601731A2B77087600093D55 /* ApplicationDelegate.swift */ = {isa = PBXFileReference; lastKnownFileType = sourcecode.swift; path = ApplicationDelegate.swift; sourceTree = "<group>"; };
		560FA2402B2E240B004ED11D /* HomeAssistant */ = {isa = PBXFileReference; lastKnownFileType = wrapper; name = HomeAssistant; path = HomeAssistant/HomeAssistant; sourceTree = "<group>"; };
		560FA2442B2E27D8004ED11D /* ApplicationConfiguration */ = {isa = PBXFileReference; lastKnownFileType = wrapper; path = ApplicationConfiguration; sourceTree = "<group>"; };
		5635F2882BBD4EFC000CC23D /* HAButton.swift */ = {isa = PBXFileReference; lastKnownFileType = sourcecode.swift; path = HAButton.swift; sourceTree = "<group>"; };
		5635F28A2BBD670A000CC23D /* ApplicationContainer.swift */ = {isa = PBXFileReference; lastKnownFileType = sourcecode.swift; path = ApplicationContainer.swift; sourceTree = "<group>"; };
		564EDDC62BC71C5700E25C83 /* ButtonConfigurationView.swift */ = {isa = PBXFileReference; lastKnownFileType = sourcecode.swift; path = ButtonConfigurationView.swift; sourceTree = "<group>"; };
		56509F662BC57D5C0047A63D /* EntitySelectionView.swift */ = {isa = PBXFileReference; lastKnownFileType = sourcecode.swift; path = EntitySelectionView.swift; sourceTree = "<group>"; };
		565AF3B52BC682D000F1C884 /* VStackConfigurationViewModel.swift */ = {isa = PBXFileReference; lastKnownFileType = sourcecode.swift; path = VStackConfigurationViewModel.swift; sourceTree = "<group>"; };
		565AF3B72BC6865200F1C884 /* EntitySelectionViewModel.swift */ = {isa = PBXFileReference; lastKnownFileType = sourcecode.swift; path = EntitySelectionViewModel.swift; sourceTree = "<group>"; };
		565AF3BA2BC686B500F1C884 /* EntityAttachable.swift */ = {isa = PBXFileReference; lastKnownFileType = sourcecode.swift; path = EntityAttachable.swift; sourceTree = "<group>"; };
		565AF3BD2BC6882200F1C884 /* HAVStack.swift */ = {isa = PBXFileReference; lastKnownFileType = sourcecode.swift; path = HAVStack.swift; sourceTree = "<group>"; };
		565AF3BF2BC698D700F1C884 /* EntityStore.swift */ = {isa = PBXFileReference; lastKnownFileType = sourcecode.swift; path = EntityStore.swift; sourceTree = "<group>"; };
		565AF3C12BC6993B00F1C884 /* OctopusAgileStore.swift */ = {isa = PBXFileReference; lastKnownFileType = sourcecode.swift; path = OctopusAgileStore.swift; sourceTree = "<group>"; };
		565AF3C32BC699DD00F1C884 /* DisplayableStore.swift */ = {isa = PBXFileReference; lastKnownFileType = sourcecode.swift; path = DisplayableStore.swift; sourceTree = "<group>"; };
		565AF3C62BC6A19000F1C884 /* HAViewBuilder.swift */ = {isa = PBXFileReference; lastKnownFileType = sourcecode.swift; path = HAViewBuilder.swift; sourceTree = "<group>"; };
		565AF3C82BC6A1B700F1C884 /* HASettingsViewBuilder.swift */ = {isa = PBXFileReference; lastKnownFileType = sourcecode.swift; path = HASettingsViewBuilder.swift; sourceTree = "<group>"; };
		565D614E2B2B612D00B9B051 /* IconMapper.swift */ = {isa = PBXFileReference; lastKnownFileType = sourcecode.swift; path = IconMapper.swift; sourceTree = "<group>"; };
		565D61502B2BA05C00B9B051 /* HADetailTextView.swift */ = {isa = PBXFileReference; lastKnownFileType = sourcecode.swift; path = HADetailTextView.swift; sourceTree = "<group>"; };
		565D61542B2BC4A800B9B051 /* Double.swift */ = {isa = PBXFileReference; lastKnownFileType = sourcecode.swift; path = Double.swift; sourceTree = "<group>"; };
		565F8A102B2A661300AFBB1E /* JSONDescription.swift */ = {isa = PBXFileReference; lastKnownFileType = sourcecode.swift; path = JSONDescription.swift; sourceTree = "<group>"; };
		56613B9F2BC3E41C001668A9 /* HAEntityViewModel.swift */ = {isa = PBXFileReference; lastKnownFileType = sourcecode.swift; path = HAEntityViewModel.swift; sourceTree = "<group>"; };
		56613BA22BC3E4A7001668A9 /* HAGauge.swift */ = {isa = PBXFileReference; lastKnownFileType = sourcecode.swift; path = HAGauge.swift; sourceTree = "<group>"; };
		56613BA42BC3F24A001668A9 /* HAGaugeViewModel.swift */ = {isa = PBXFileReference; lastKnownFileType = sourcecode.swift; path = HAGaugeViewModel.swift; sourceTree = "<group>"; };
		56613BA72BC402CC001668A9 /* AddWidgetView.swift */ = {isa = PBXFileReference; lastKnownFileType = sourcecode.swift; path = AddWidgetView.swift; sourceTree = "<group>"; };
		566574D62BBFE58900F7B69B /* HAButtonViewModel.swift */ = {isa = PBXFileReference; lastKnownFileType = sourcecode.swift; path = HAButtonViewModel.swift; sourceTree = "<group>"; };
		566574D92BBFE74E00F7B69B /* HAEntityView.swift */ = {isa = PBXFileReference; lastKnownFileType = sourcecode.swift; path = HAEntityView.swift; sourceTree = "<group>"; };
		566574DB2BBFF22D00F7B69B /* Localizable.xcstrings */ = {isa = PBXFileReference; lastKnownFileType = text.json.xcstrings; path = Localizable.xcstrings; sourceTree = "<group>"; };
		566DCFE12BB60A8E0041C0EB /* OctopusPriceList.swift */ = {isa = PBXFileReference; lastKnownFileType = sourcecode.swift; path = OctopusPriceList.swift; sourceTree = "<group>"; };
		56770B242B292FD500D151F7 /* Info.plist */ = {isa = PBXFileReference; lastKnownFileType = text.plist; path = Info.plist; sourceTree = "<group>"; };
		568D54692BB5BA0700E11B6D /* OctopusPricingVIew.swift */ = {isa = PBXFileReference; lastKnownFileType = sourcecode.swift; path = OctopusPricingVIew.swift; sourceTree = "<group>"; };
		568D546B2BB5BEFC00E11B6D /* TimeInterval.swift */ = {isa = PBXFileReference; lastKnownFileType = sourcecode.swift; path = TimeInterval.swift; sourceTree = "<group>"; };
		56AD26F32B2C72520076CAF2 /* StateTransformer.swift */ = {isa = PBXFileReference; lastKnownFileType = sourcecode.swift; path = StateTransformer.swift; sourceTree = "<group>"; };
		56AD26F52B2C72960076CAF2 /* IconColorTransformer.swift */ = {isa = PBXFileReference; lastKnownFileType = sourcecode.swift; path = IconColorTransformer.swift; sourceTree = "<group>"; };
		56C5132D2B2F6B3E00AC0340 /* SectionSettingsView.swift */ = {isa = PBXFileReference; lastKnownFileType = sourcecode.swift; path = SectionSettingsView.swift; sourceTree = "<group>"; };
		56C5132F2B2F6DC000AC0340 /* VStackConfigurationView.swift */ = {isa = PBXFileReference; lastKnownFileType = sourcecode.swift; path = VStackConfigurationView.swift; sourceTree = "<group>"; };
		56D7B0972B2EFC8E0005E627 /* HomeAssistantSettingsView.swift */ = {isa = PBXFileReference; lastKnownFileType = sourcecode.swift; path = HomeAssistantSettingsView.swift; sourceTree = "<group>"; };
		680AE98E2779C37500FC62A8 /* MediaPlayerView.swift */ = {isa = PBXFileReference; lastKnownFileType = sourcecode.swift; path = MediaPlayerView.swift; sourceTree = "<group>"; };
		680AE9902779C96200FC62A8 /* HABasicIconView.swift */ = {isa = PBXFileReference; lastKnownFileType = sourcecode.swift; path = HABasicIconView.swift; sourceTree = "<group>"; };
		683259532776811900222A76 /* HeaderView.swift */ = {isa = PBXFileReference; lastKnownFileType = sourcecode.swift; path = HeaderView.swift; sourceTree = "<group>"; };
		68357E86277687FE004B2879 /* ColorManager.swift */ = {isa = PBXFileReference; lastKnownFileType = sourcecode.swift; path = ColorManager.swift; sourceTree = "<group>"; };
		68357E88277688B4004B2879 /* TemperatureHumidityWidgetView.swift */ = {isa = PBXFileReference; lastKnownFileType = sourcecode.swift; path = TemperatureHumidityWidgetView.swift; sourceTree = "<group>"; };
		6839796127766E420033DFBA /* Home Assistant.app */ = {isa = PBXFileReference; explicitFileType = wrapper.application; includeInIndex = 0; path = "Home Assistant.app"; sourceTree = BUILT_PRODUCTS_DIR; };
		6839796427766E420033DFBA /* homeassistant_nativeApp.swift */ = {isa = PBXFileReference; lastKnownFileType = sourcecode.swift; path = homeassistant_nativeApp.swift; sourceTree = "<group>"; };
		6839796627766E420033DFBA /* ContentView.swift */ = {isa = PBXFileReference; lastKnownFileType = sourcecode.swift; path = ContentView.swift; sourceTree = "<group>"; };
		6839796827766E440033DFBA /* Assets.xcassets */ = {isa = PBXFileReference; lastKnownFileType = folder.assetcatalog; path = Assets.xcassets; sourceTree = "<group>"; };
		685FA1F027791EDD0061DF86 /* HASettingItemView.swift */ = {isa = PBXFileReference; lastKnownFileType = sourcecode.swift; path = HASettingItemView.swift; sourceTree = "<group>"; };
		68A3D5D82778D01400BFDE39 /* HAColorTileView.swift */ = {isa = PBXFileReference; lastKnownFileType = sourcecode.swift; path = HAColorTileView.swift; sourceTree = "<group>"; };
		68A3D5DA2778D8F800BFDE39 /* HABrightnessSliderView.swift */ = {isa = PBXFileReference; lastKnownFileType = sourcecode.swift; path = HABrightnessSliderView.swift; sourceTree = "<group>"; };
		68A3D5EC2779111900BFDE39 /* SwitchWidgetListView.swift */ = {isa = PBXFileReference; lastKnownFileType = sourcecode.swift; path = SwitchWidgetListView.swift; sourceTree = "<group>"; };
		68C81E37277797BF00A99F04 /* DefaultTheme.xcassets */ = {isa = PBXFileReference; lastKnownFileType = folder.assetcatalog; path = DefaultTheme.xcassets; sourceTree = "<group>"; };
		68C81E3B277799B200A99F04 /* HAFootNoteView.swift */ = {isa = PBXFileReference; lastKnownFileType = sourcecode.swift; path = HAFootNoteView.swift; sourceTree = "<group>"; };
		68C81E3D27779B5A00A99F04 /* HAMainTextView.swift */ = {isa = PBXFileReference; lastKnownFileType = sourcecode.swift; path = HAMainTextView.swift; sourceTree = "<group>"; };
		68C81E4127779D7800A99F04 /* HABasicToggleView.swift */ = {isa = PBXFileReference; lastKnownFileType = sourcecode.swift; path = HABasicToggleView.swift; sourceTree = "<group>"; };
		68C81E472777A58100A99F04 /* HAWidgetImageView.swift */ = {isa = PBXFileReference; lastKnownFileType = sourcecode.swift; path = HAWidgetImageView.swift; sourceTree = "<group>"; };
		68C81E4B2777B7AE00A99F04 /* ModalSettingsView.swift */ = {isa = PBXFileReference; lastKnownFileType = sourcecode.swift; path = ModalSettingsView.swift; sourceTree = "<group>"; };
		68C81E4D2777BC5900A99F04 /* HATitleTextView.swift */ = {isa = PBXFileReference; lastKnownFileType = sourcecode.swift; path = HATitleTextView.swift; sourceTree = "<group>"; };
/* End PBXFileReference section */

/* Begin PBXFrameworksBuildPhase section */
		6839795E27766E420033DFBA /* Frameworks */ = {
			isa = PBXFrameworksBuildPhase;
			buildActionMask = 2147483647;
			files = (
				560FA2432B2E26A4004ED11D /* HomeAssistant in Frameworks */,
				56AD282C2B2C7BE80076CAF2 /* Factory in Frameworks */,
			);
			runOnlyForDeploymentPostprocessing = 0;
		};
/* End PBXFrameworksBuildPhase section */

/* Begin PBXGroup section */
		560FA2412B2E26A4004ED11D /* Frameworks */ = {
			isa = PBXGroup;
			children = (
			);
			name = Frameworks;
			sourceTree = "<group>";
		};
		564EDDC52BC71C3D00E25C83 /* ButtonConfiguration */ = {
			isa = PBXGroup;
			children = (
				564EDDC62BC71C5700E25C83 /* ButtonConfigurationView.swift */,
			);
			path = ButtonConfiguration;
			sourceTree = "<group>";
		};
		56509F652BC57D470047A63D /* Entity Selection */ = {
			isa = PBXGroup;
			children = (
				56509F662BC57D5C0047A63D /* EntitySelectionView.swift */,
				565AF3B72BC6865200F1C884 /* EntitySelectionViewModel.swift */,
			);
			path = "Entity Selection";
			sourceTree = "<group>";
		};
		565AF3B42BC682AD00F1C884 /* VStackConfigurationView */ = {
			isa = PBXGroup;
			children = (
				56C5132F2B2F6DC000AC0340 /* VStackConfigurationView.swift */,
				565AF3B52BC682D000F1C884 /* VStackConfigurationViewModel.swift */,
			);
			path = VStackConfigurationView;
			sourceTree = "<group>";
		};
		565AF3B92BC686A100F1C884 /* Data Abstraction */ = {
			isa = PBXGroup;
			children = (
				565AF3BA2BC686B500F1C884 /* EntityAttachable.swift */,
			);
			path = "Data Abstraction";
			sourceTree = "<group>";
		};
		565AF3BC2BC6881200F1C884 /* HAVStack */ = {
			isa = PBXGroup;
			children = (
				565AF3BD2BC6882200F1C884 /* HAVStack.swift */,
			);
			path = HAVStack;
			sourceTree = "<group>";
		};
		565AF3C52BC6A18400F1C884 /* HAViewBuilder */ = {
			isa = PBXGroup;
			children = (
				565AF3C62BC6A19000F1C884 /* HAViewBuilder.swift */,
			);
			path = HAViewBuilder;
			sourceTree = "<group>";
		};
		56613BA12BC3E497001668A9 /* HAGauge */ = {
			isa = PBXGroup;
			children = (
				56613BA22BC3E4A7001668A9 /* HAGauge.swift */,
				56613BA42BC3F24A001668A9 /* HAGaugeViewModel.swift */,
			);
			path = HAGauge;
			sourceTree = "<group>";
		};
		56613BA62BC402BE001668A9 /* AddWidgetView */ = {
			isa = PBXGroup;
			children = (
				56613BA72BC402CC001668A9 /* AddWidgetView.swift */,
			);
			path = AddWidgetView;
			sourceTree = "<group>";
		};
		566574D52BBFE57B00F7B69B /* HAButton */ = {
			isa = PBXGroup;
			children = (
				5635F2882BBD4EFC000CC23D /* HAButton.swift */,
				566574D62BBFE58900F7B69B /* HAButtonViewModel.swift */,
			);
			path = HAButton;
			sourceTree = "<group>";
		};
		566574D82BBFE72200F7B69B /* HAEntity */ = {
			isa = PBXGroup;
			children = (
				566574D92BBFE74E00F7B69B /* HAEntityView.swift */,
				56613B9F2BC3E41C001668A9 /* HAEntityViewModel.swift */,
			);
			path = HAEntity;
			sourceTree = "<group>";
		};
		56AD26F22B2C72410076CAF2 /* Transformers */ = {
			isa = PBXGroup;
			children = (
				565D614E2B2B612D00B9B051 /* IconMapper.swift */,
				56AD26F32B2C72520076CAF2 /* StateTransformer.swift */,
				56AD26F52B2C72960076CAF2 /* IconColorTransformer.swift */,
			);
			path = Transformers;
			sourceTree = "<group>";
		};
		56C5132B2B2F6B1400AC0340 /* Settings */ = {
			isa = PBXGroup;
			children = (
				564EDDC52BC71C3D00E25C83 /* ButtonConfiguration */,
				565AF3B42BC682AD00F1C884 /* VStackConfigurationView */,
				56509F652BC57D470047A63D /* Entity Selection */,
				56613BA62BC402BE001668A9 /* AddWidgetView */,
				56C5132C2B2F6B2800AC0340 /* Sections */,
				56D7B0962B2EFC780005E627 /* HomeAssistant */,
				68C81E4B2777B7AE00A99F04 /* ModalSettingsView.swift */,
				565AF3C82BC6A1B700F1C884 /* HASettingsViewBuilder.swift */,
			);
			path = Settings;
			sourceTree = "<group>";
		};
		56C5132C2B2F6B2800AC0340 /* Sections */ = {
			isa = PBXGroup;
			children = (
				56C5132D2B2F6B3E00AC0340 /* SectionSettingsView.swift */,
			);
			path = Sections;
			sourceTree = "<group>";
		};
		56D7B0962B2EFC780005E627 /* HomeAssistant */ = {
			isa = PBXGroup;
			children = (
				56D7B0972B2EFC8E0005E627 /* HomeAssistantSettingsView.swift */,
			);
			path = HomeAssistant;
			sourceTree = "<group>";
		};
		6839795827766E420033DFBA = {
			isa = PBXGroup;
			children = (
				560FA2442B2E27D8004ED11D /* ApplicationConfiguration */,
				560FA2402B2E240B004ED11D /* HomeAssistant */,
				6839796327766E420033DFBA /* homeassistant-native */,
				6839796227766E420033DFBA /* Products */,
				560FA2412B2E26A4004ED11D /* Frameworks */,
			);
			sourceTree = "<group>";
		};
		6839796227766E420033DFBA /* Products */ = {
			isa = PBXGroup;
			children = (
				6839796127766E420033DFBA /* Home Assistant.app */,
			);
			name = Products;
			sourceTree = "<group>";
		};
		6839796327766E420033DFBA /* homeassistant-native */ = {
			isa = PBXGroup;
			children = (
				565AF3B92BC686A100F1C884 /* Data Abstraction */,
				56770B242B292FD500D151F7 /* Info.plist */,
				566574DB2BBFF22D00F7B69B /* Localizable.xcstrings */,
				6839796627766E420033DFBA /* ContentView.swift */,
				6839796427766E420033DFBA /* homeassistant_nativeApp.swift */,
				6839796827766E440033DFBA /* Assets.xcassets */,
				68C81E37277797BF00A99F04 /* DefaultTheme.xcassets */,
				68C81E332777968600A99F04 /* Controllers */,
				68C81E442777A00000A99F04 /* Extensions */,
				56AD26F22B2C72410076CAF2 /* Transformers */,
				68C81E352777969100A99F04 /* Views */,
				5601731A2B77087600093D55 /* ApplicationDelegate.swift */,
				5635F28A2BBD670A000CC23D /* ApplicationContainer.swift */,
			);
			path = "homeassistant-native";
			sourceTree = "<group>";
		};
		68C81E2E2777952200A99F04 /* Header */ = {
			isa = PBXGroup;
			children = (
				683259532776811900222A76 /* HeaderView.swift */,
			);
			path = Header;
			sourceTree = "<group>";
		};
		68C81E302777955600A99F04 /* WidgetViews */ = {
			isa = PBXGroup;
			children = (
				565AF3C52BC6A18400F1C884 /* HAViewBuilder */,
				565AF3BC2BC6881200F1C884 /* HAVStack */,
				68A3D5EC2779111900BFDE39 /* SwitchWidgetListView.swift */,
				68357E88277688B4004B2879 /* TemperatureHumidityWidgetView.swift */,
				568D54692BB5BA0700E11B6D /* OctopusPricingVIew.swift */,
				566DCFE12BB60A8E0041C0EB /* OctopusPriceList.swift */,
			);
			path = WidgetViews;
			sourceTree = "<group>";
		};
		68C81E332777968600A99F04 /* Controllers */ = {
			isa = PBXGroup;
			children = (
				565AF3BF2BC698D700F1C884 /* EntityStore.swift */,
				68357E86277687FE004B2879 /* ColorManager.swift */,
				565AF3C12BC6993B00F1C884 /* OctopusAgileStore.swift */,
				565AF3C32BC699DD00F1C884 /* DisplayableStore.swift */,
			);
			path = Controllers;
			sourceTree = "<group>";
		};
		68C81E352777969100A99F04 /* Views */ = {
			isa = PBXGroup;
			children = (
				56C5132B2B2F6B1400AC0340 /* Settings */,
				68C81E3A2777997200A99F04 /* HAUIViews */,
				68C81E302777955600A99F04 /* WidgetViews */,
				68C81E2E2777952200A99F04 /* Header */,
				680AE98E2779C37500FC62A8 /* MediaPlayerView.swift */,
			);
			path = Views;
			sourceTree = "<group>";
		};
		68C81E3A2777997200A99F04 /* HAUIViews */ = {
			isa = PBXGroup;
			children = (
				56613BA12BC3E497001668A9 /* HAGauge */,
				566574D82BBFE72200F7B69B /* HAEntity */,
				566574D52BBFE57B00F7B69B /* HAButton */,
				68C81E3B277799B200A99F04 /* HAFootNoteView.swift */,
				68C81E472777A58100A99F04 /* HAWidgetImageView.swift */,
				68C81E3D27779B5A00A99F04 /* HAMainTextView.swift */,
				565D61502B2BA05C00B9B051 /* HADetailTextView.swift */,
				68C81E4D2777BC5900A99F04 /* HATitleTextView.swift */,
				68C81E4127779D7800A99F04 /* HABasicToggleView.swift */,
				68A3D5D82778D01400BFDE39 /* HAColorTileView.swift */,
				68A3D5DA2778D8F800BFDE39 /* HABrightnessSliderView.swift */,
				685FA1F027791EDD0061DF86 /* HASettingItemView.swift */,
				680AE9902779C96200FC62A8 /* HABasicIconView.swift */,
			);
			path = HAUIViews;
			sourceTree = "<group>";
		};
		68C81E442777A00000A99F04 /* Extensions */ = {
			isa = PBXGroup;
			children = (
				565F8A102B2A661300AFBB1E /* JSONDescription.swift */,
				565D61542B2BC4A800B9B051 /* Double.swift */,
				568D546B2BB5BEFC00E11B6D /* TimeInterval.swift */,
			);
			path = Extensions;
			sourceTree = "<group>";
		};
/* End PBXGroup section */

/* Begin PBXNativeTarget section */
		6839796027766E420033DFBA /* homeassistant-native */ = {
			isa = PBXNativeTarget;
			buildConfigurationList = 6839798527766E440033DFBA /* Build configuration list for PBXNativeTarget "homeassistant-native" */;
			buildPhases = (
				6839795D27766E420033DFBA /* Sources */,
				6839795E27766E420033DFBA /* Frameworks */,
				6839795F27766E420033DFBA /* Resources */,
			);
			buildRules = (
			);
			dependencies = (
			);
			name = "homeassistant-native";
			packageProductDependencies = (
				56AD282B2B2C7BE80076CAF2 /* Factory */,
				560FA2422B2E26A4004ED11D /* HomeAssistant */,
			);
			productName = "homeassistant-native";
			productReference = 6839796127766E420033DFBA /* Home Assistant.app */;
			productType = "com.apple.product-type.application";
		};
/* End PBXNativeTarget section */

/* Begin PBXProject section */
		6839795927766E420033DFBA /* Project object */ = {
			isa = PBXProject;
			attributes = {
				BuildIndependentTargetsInParallel = 1;
				LastSwiftUpdateCheck = 1320;
				LastUpgradeCheck = 1530;
				TargetAttributes = {
					6839796027766E420033DFBA = {
						CreatedOnToolsVersion = 13.2.1;
					};
				};
			};
			buildConfigurationList = 6839795C27766E420033DFBA /* Build configuration list for PBXProject "homeassistant-native" */;
			compatibilityVersion = "Xcode 13.0";
			developmentRegion = en;
			hasScannedForEncodings = 0;
			knownRegions = (
				en,
				Base,
				fr,
			);
			mainGroup = 6839795827766E420033DFBA;
			packageReferences = (
				56AD282A2B2C7BE80076CAF2 /* XCRemoteSwiftPackageReference "Factory" */,
			);
			productRefGroup = 6839796227766E420033DFBA /* Products */;
			projectDirPath = "";
			projectRoot = "";
			targets = (
				6839796027766E420033DFBA /* homeassistant-native */,
			);
		};
/* End PBXProject section */

/* Begin PBXResourcesBuildPhase section */
		6839795F27766E420033DFBA /* Resources */ = {
			isa = PBXResourcesBuildPhase;
			buildActionMask = 2147483647;
			files = (
				6839796927766E440033DFBA /* Assets.xcassets in Resources */,
				68C81E38277797BF00A99F04 /* DefaultTheme.xcassets in Resources */,
				566574DC2BBFF22D00F7B69B /* Localizable.xcstrings in Resources */,
			);
			runOnlyForDeploymentPostprocessing = 0;
		};
/* End PBXResourcesBuildPhase section */

/* Begin PBXSourcesBuildPhase section */
		6839795D27766E420033DFBA /* Sources */ = {
			isa = PBXSourcesBuildPhase;
			buildActionMask = 2147483647;
			files = (
				68C81E4C2777B7AE00A99F04 /* ModalSettingsView.swift in Sources */,
				565AF3B62BC682D000F1C884 /* VStackConfigurationViewModel.swift in Sources */,
				568D546C2BB5BEFC00E11B6D /* TimeInterval.swift in Sources */,
				56509F672BC57D5C0047A63D /* EntitySelectionView.swift in Sources */,
				566DCFE22BB60A8E0041C0EB /* OctopusPriceList.swift in Sources */,
				56D7B0982B2EFC8E0005E627 /* HomeAssistantSettingsView.swift in Sources */,
				680AE9912779C96200FC62A8 /* HABasicIconView.swift in Sources */,
				56AD26F62B2C72960076CAF2 /* IconColorTransformer.swift in Sources */,
				568D546A2BB5BA0700E11B6D /* OctopusPricingVIew.swift in Sources */,
				565D614F2B2B612D00B9B051 /* IconMapper.swift in Sources */,
				565D61552B2BC4A800B9B051 /* Double.swift in Sources */,
				565D61512B2BA05C00B9B051 /* HADetailTextView.swift in Sources */,
				68C81E3C277799B200A99F04 /* HAFootNoteView.swift in Sources */,
				68C81E3E27779B5A00A99F04 /* HAMainTextView.swift in Sources */,
				56613BA52BC3F24A001668A9 /* HAGaugeViewModel.swift in Sources */,
				68A3D5D92778D01400BFDE39 /* HAColorTileView.swift in Sources */,
				5635F28B2BBD670A000CC23D /* ApplicationContainer.swift in Sources */,
				5635F2892BBD4EFC000CC23D /* HAButton.swift in Sources */,
				565AF3C92BC6A1B700F1C884 /* HASettingsViewBuilder.swift in Sources */,
				680AE98F2779C37500FC62A8 /* MediaPlayerView.swift in Sources */,
				6839796727766E420033DFBA /* ContentView.swift in Sources */,
				565AF3BE2BC6882200F1C884 /* HAVStack.swift in Sources */,
				68C81E4227779D7800A99F04 /* HABasicToggleView.swift in Sources */,
				565AF3C02BC698D700F1C884 /* EntityStore.swift in Sources */,
				56613BA02BC3E41C001668A9 /* HAEntityViewModel.swift in Sources */,
				565F8A112B2A661300AFBB1E /* JSONDescription.swift in Sources */,
				68357E87277687FE004B2879 /* ColorManager.swift in Sources */,
				56C513302B2F6DC000AC0340 /* VStackConfigurationView.swift in Sources */,
				564EDDC72BC71C5700E25C83 /* ButtonConfigurationView.swift in Sources */,
				56613BA32BC3E4A7001668A9 /* HAGauge.swift in Sources */,
				565AF3C22BC6993B00F1C884 /* OctopusAgileStore.swift in Sources */,
				68A3D5ED2779111900BFDE39 /* SwitchWidgetListView.swift in Sources */,
				565AF3B82BC6865200F1C884 /* EntitySelectionViewModel.swift in Sources */,
				6839796527766E420033DFBA /* homeassistant_nativeApp.swift in Sources */,
				68C81E4E2777BC5900A99F04 /* HATitleTextView.swift in Sources */,
				68357E89277688B4004B2879 /* TemperatureHumidityWidgetView.swift in Sources */,
				5601731D2B7851B900093D55 /* SectionSettingsView.swift in Sources */,
				565AF3C72BC6A19000F1C884 /* HAViewBuilder.swift in Sources */,
				566574DA2BBFE74E00F7B69B /* HAEntityView.swift in Sources */,
				565AF3C42BC699DD00F1C884 /* DisplayableStore.swift in Sources */,
				566574D72BBFE58900F7B69B /* HAButtonViewModel.swift in Sources */,
				683259542776811900222A76 /* HeaderView.swift in Sources */,
				68A3D5DB2778D8F800BFDE39 /* HABrightnessSliderView.swift in Sources */,
				685FA1F127791EDD0061DF86 /* HASettingItemView.swift in Sources */,
				56613BA82BC402CC001668A9 /* AddWidgetView.swift in Sources */,
				5601731B2B77087600093D55 /* ApplicationDelegate.swift in Sources */,
				56AD26F42B2C72520076CAF2 /* StateTransformer.swift in Sources */,
				68C81E482777A58100A99F04 /* HAWidgetImageView.swift in Sources */,
				565AF3BB2BC686B500F1C884 /* EntityAttachable.swift in Sources */,
			);
			runOnlyForDeploymentPostprocessing = 0;
		};
/* End PBXSourcesBuildPhase section */

/* Begin XCBuildConfiguration section */
		6839798327766E440033DFBA /* Debug */ = {
			isa = XCBuildConfiguration;
			buildSettings = {
				ALWAYS_SEARCH_USER_PATHS = NO;
				ASSETCATALOG_COMPILER_GENERATE_SWIFT_ASSET_SYMBOL_EXTENSIONS = YES;
				CLANG_ANALYZER_LOCALIZABILITY_NONLOCALIZED = YES;
				CLANG_ANALYZER_NONNULL = YES;
				CLANG_ANALYZER_NUMBER_OBJECT_CONVERSION = YES_AGGRESSIVE;
				CLANG_CXX_LANGUAGE_STANDARD = "gnu++17";
				CLANG_CXX_LIBRARY = "libc++";
				CLANG_ENABLE_MODULES = YES;
				CLANG_ENABLE_OBJC_ARC = YES;
				CLANG_ENABLE_OBJC_WEAK = YES;
				CLANG_WARN_BLOCK_CAPTURE_AUTORELEASING = YES;
				CLANG_WARN_BOOL_CONVERSION = YES;
				CLANG_WARN_COMMA = YES;
				CLANG_WARN_CONSTANT_CONVERSION = YES;
				CLANG_WARN_DEPRECATED_OBJC_IMPLEMENTATIONS = YES;
				CLANG_WARN_DIRECT_OBJC_ISA_USAGE = YES_ERROR;
				CLANG_WARN_DOCUMENTATION_COMMENTS = YES;
				CLANG_WARN_EMPTY_BODY = YES;
				CLANG_WARN_ENUM_CONVERSION = YES;
				CLANG_WARN_INFINITE_RECURSION = YES;
				CLANG_WARN_INT_CONVERSION = YES;
				CLANG_WARN_NON_LITERAL_NULL_CONVERSION = YES;
				CLANG_WARN_OBJC_IMPLICIT_RETAIN_SELF = YES;
				CLANG_WARN_OBJC_LITERAL_CONVERSION = YES;
				CLANG_WARN_OBJC_ROOT_CLASS = YES_ERROR;
				CLANG_WARN_QUOTED_INCLUDE_IN_FRAMEWORK_HEADER = YES;
				CLANG_WARN_RANGE_LOOP_ANALYSIS = YES;
				CLANG_WARN_STRICT_PROTOTYPES = YES;
				CLANG_WARN_SUSPICIOUS_MOVE = YES;
				CLANG_WARN_UNGUARDED_AVAILABILITY = YES_AGGRESSIVE;
				CLANG_WARN_UNREACHABLE_CODE = YES;
				CLANG_WARN__DUPLICATE_METHOD_MATCH = YES;
				COPY_PHASE_STRIP = NO;
				DEBUG_INFORMATION_FORMAT = dwarf;
				ENABLE_STRICT_OBJC_MSGSEND = YES;
				ENABLE_TESTABILITY = YES;
				ENABLE_USER_SCRIPT_SANDBOXING = YES;
				GCC_C_LANGUAGE_STANDARD = gnu11;
				GCC_DYNAMIC_NO_PIC = NO;
				GCC_NO_COMMON_BLOCKS = YES;
				GCC_OPTIMIZATION_LEVEL = 0;
				GCC_PREPROCESSOR_DEFINITIONS = (
					"DEBUG=1",
					"$(inherited)",
				);
				GCC_WARN_64_TO_32_BIT_CONVERSION = YES;
				GCC_WARN_ABOUT_RETURN_TYPE = YES_ERROR;
				GCC_WARN_UNDECLARED_SELECTOR = YES;
				GCC_WARN_UNINITIALIZED_AUTOS = YES_AGGRESSIVE;
				GCC_WARN_UNUSED_FUNCTION = YES;
				GCC_WARN_UNUSED_VARIABLE = YES;
				IPHONEOS_DEPLOYMENT_TARGET = 15.2;
				MTL_ENABLE_DEBUG_INFO = INCLUDE_SOURCE;
				MTL_FAST_MATH = YES;
				ONLY_ACTIVE_ARCH = YES;
				SDKROOT = iphoneos;
				SWIFT_ACTIVE_COMPILATION_CONDITIONS = DEBUG;
				SWIFT_OPTIMIZATION_LEVEL = "-Onone";
			};
			name = Debug;
		};
		6839798427766E440033DFBA /* Release */ = {
			isa = XCBuildConfiguration;
			buildSettings = {
				ALWAYS_SEARCH_USER_PATHS = NO;
				ASSETCATALOG_COMPILER_GENERATE_SWIFT_ASSET_SYMBOL_EXTENSIONS = YES;
				CLANG_ANALYZER_LOCALIZABILITY_NONLOCALIZED = YES;
				CLANG_ANALYZER_NONNULL = YES;
				CLANG_ANALYZER_NUMBER_OBJECT_CONVERSION = YES_AGGRESSIVE;
				CLANG_CXX_LANGUAGE_STANDARD = "gnu++17";
				CLANG_CXX_LIBRARY = "libc++";
				CLANG_ENABLE_MODULES = YES;
				CLANG_ENABLE_OBJC_ARC = YES;
				CLANG_ENABLE_OBJC_WEAK = YES;
				CLANG_WARN_BLOCK_CAPTURE_AUTORELEASING = YES;
				CLANG_WARN_BOOL_CONVERSION = YES;
				CLANG_WARN_COMMA = YES;
				CLANG_WARN_CONSTANT_CONVERSION = YES;
				CLANG_WARN_DEPRECATED_OBJC_IMPLEMENTATIONS = YES;
				CLANG_WARN_DIRECT_OBJC_ISA_USAGE = YES_ERROR;
				CLANG_WARN_DOCUMENTATION_COMMENTS = YES;
				CLANG_WARN_EMPTY_BODY = YES;
				CLANG_WARN_ENUM_CONVERSION = YES;
				CLANG_WARN_INFINITE_RECURSION = YES;
				CLANG_WARN_INT_CONVERSION = YES;
				CLANG_WARN_NON_LITERAL_NULL_CONVERSION = YES;
				CLANG_WARN_OBJC_IMPLICIT_RETAIN_SELF = YES;
				CLANG_WARN_OBJC_LITERAL_CONVERSION = YES;
				CLANG_WARN_OBJC_ROOT_CLASS = YES_ERROR;
				CLANG_WARN_QUOTED_INCLUDE_IN_FRAMEWORK_HEADER = YES;
				CLANG_WARN_RANGE_LOOP_ANALYSIS = YES;
				CLANG_WARN_STRICT_PROTOTYPES = YES;
				CLANG_WARN_SUSPICIOUS_MOVE = YES;
				CLANG_WARN_UNGUARDED_AVAILABILITY = YES_AGGRESSIVE;
				CLANG_WARN_UNREACHABLE_CODE = YES;
				CLANG_WARN__DUPLICATE_METHOD_MATCH = YES;
				COPY_PHASE_STRIP = NO;
				DEBUG_INFORMATION_FORMAT = "dwarf-with-dsym";
				ENABLE_NS_ASSERTIONS = NO;
				ENABLE_STRICT_OBJC_MSGSEND = YES;
				ENABLE_USER_SCRIPT_SANDBOXING = YES;
				GCC_C_LANGUAGE_STANDARD = gnu11;
				GCC_NO_COMMON_BLOCKS = YES;
				GCC_WARN_64_TO_32_BIT_CONVERSION = YES;
				GCC_WARN_ABOUT_RETURN_TYPE = YES_ERROR;
				GCC_WARN_UNDECLARED_SELECTOR = YES;
				GCC_WARN_UNINITIALIZED_AUTOS = YES_AGGRESSIVE;
				GCC_WARN_UNUSED_FUNCTION = YES;
				GCC_WARN_UNUSED_VARIABLE = YES;
				IPHONEOS_DEPLOYMENT_TARGET = 15.2;
				MTL_ENABLE_DEBUG_INFO = NO;
				MTL_FAST_MATH = YES;
				SDKROOT = iphoneos;
				SWIFT_COMPILATION_MODE = wholemodule;
				SWIFT_OPTIMIZATION_LEVEL = "-O";
				VALIDATE_PRODUCT = YES;
			};
			name = Release;
		};
		6839798627766E440033DFBA /* Debug */ = {
			isa = XCBuildConfiguration;
			buildSettings = {
				ASSETCATALOG_COMPILER_APPICON_NAME = AppIcon;
				ASSETCATALOG_COMPILER_GLOBAL_ACCENT_COLOR_NAME = AccentColor;
				CODE_SIGN_STYLE = Automatic;
				CURRENT_PROJECT_VERSION = 1;
				DEVELOPMENT_TEAM = TYBW749P94;
				ENABLE_PREVIEWS = YES;
				GENERATE_INFOPLIST_FILE = YES;
				INFOPLIST_FILE = "homeassistant-native/Info.plist";
				INFOPLIST_KEY_UIApplicationSceneManifest_Generation = YES;
				INFOPLIST_KEY_UIApplicationSupportsIndirectInputEvents = YES;
				INFOPLIST_KEY_UILaunchScreen_Generation = YES;
				INFOPLIST_KEY_UISupportedInterfaceOrientations_iPad = "UIInterfaceOrientationPortrait UIInterfaceOrientationPortraitUpsideDown UIInterfaceOrientationLandscapeLeft UIInterfaceOrientationLandscapeRight";
				INFOPLIST_KEY_UISupportedInterfaceOrientations_iPhone = "UIInterfaceOrientationPortrait UIInterfaceOrientationLandscapeLeft UIInterfaceOrientationLandscapeRight";
				IPHONEOS_DEPLOYMENT_TARGET = 17.0;
				LD_RUNPATH_SEARCH_PATHS = (
					"$(inherited)",
					"@executable_path/Frameworks",
				);
				LOCALIZATION_PREFERS_STRING_CATALOGS = YES;
				MARKETING_VERSION = 1.0;
				PRODUCT_BUNDLE_IDENTIFIER = "com.bitcutter.homeassistant-native";
				PRODUCT_NAME = "Home Assistant";
				SUPPORTED_PLATFORMS = "iphoneos iphonesimulator";
				SUPPORTS_MACCATALYST = NO;
				SUPPORTS_MAC_DESIGNED_FOR_IPHONE_IPAD = NO;
				SWIFT_EMIT_LOC_STRINGS = YES;
				SWIFT_VERSION = 5.0;
				TARGETED_DEVICE_FAMILY = "1,2";
			};
			name = Debug;
		};
		6839798727766E440033DFBA /* Release */ = {
			isa = XCBuildConfiguration;
			buildSettings = {
				ASSETCATALOG_COMPILER_APPICON_NAME = AppIcon;
				ASSETCATALOG_COMPILER_GLOBAL_ACCENT_COLOR_NAME = AccentColor;
				CODE_SIGN_STYLE = Automatic;
				CURRENT_PROJECT_VERSION = 1;
				DEVELOPMENT_TEAM = TYBW749P94;
				ENABLE_PREVIEWS = YES;
				GENERATE_INFOPLIST_FILE = YES;
				INFOPLIST_FILE = "homeassistant-native/Info.plist";
				INFOPLIST_KEY_UIApplicationSceneManifest_Generation = YES;
				INFOPLIST_KEY_UIApplicationSupportsIndirectInputEvents = YES;
				INFOPLIST_KEY_UILaunchScreen_Generation = YES;
				INFOPLIST_KEY_UISupportedInterfaceOrientations_iPad = "UIInterfaceOrientationPortrait UIInterfaceOrientationPortraitUpsideDown UIInterfaceOrientationLandscapeLeft UIInterfaceOrientationLandscapeRight";
				INFOPLIST_KEY_UISupportedInterfaceOrientations_iPhone = "UIInterfaceOrientationPortrait UIInterfaceOrientationLandscapeLeft UIInterfaceOrientationLandscapeRight";
				IPHONEOS_DEPLOYMENT_TARGET = 17.0;
				LD_RUNPATH_SEARCH_PATHS = (
					"$(inherited)",
					"@executable_path/Frameworks",
				);
				LOCALIZATION_PREFERS_STRING_CATALOGS = YES;
				MARKETING_VERSION = 1.0;
				PRODUCT_BUNDLE_IDENTIFIER = "com.bitcutter.homeassistant-native";
				PRODUCT_NAME = "Home Assistant";
				SUPPORTED_PLATFORMS = "iphoneos iphonesimulator";
				SUPPORTS_MACCATALYST = NO;
				SUPPORTS_MAC_DESIGNED_FOR_IPHONE_IPAD = NO;
				SWIFT_EMIT_LOC_STRINGS = YES;
				SWIFT_VERSION = 5.0;
				TARGETED_DEVICE_FAMILY = "1,2";
			};
			name = Release;
		};
/* End XCBuildConfiguration section */

/* Begin XCConfigurationList section */
		6839795C27766E420033DFBA /* Build configuration list for PBXProject "homeassistant-native" */ = {
			isa = XCConfigurationList;
			buildConfigurations = (
				6839798327766E440033DFBA /* Debug */,
				6839798427766E440033DFBA /* Release */,
			);
			defaultConfigurationIsVisible = 0;
			defaultConfigurationName = Release;
		};
		6839798527766E440033DFBA /* Build configuration list for PBXNativeTarget "homeassistant-native" */ = {
			isa = XCConfigurationList;
			buildConfigurations = (
				6839798627766E440033DFBA /* Debug */,
				6839798727766E440033DFBA /* Release */,
			);
			defaultConfigurationIsVisible = 0;
			defaultConfigurationName = Release;
		};
/* End XCConfigurationList section */

/* Begin XCRemoteSwiftPackageReference section */
		56AD282A2B2C7BE80076CAF2 /* XCRemoteSwiftPackageReference "Factory" */ = {
			isa = XCRemoteSwiftPackageReference;
			repositoryURL = "https://github.com/hmlongco/Factory";
			requirement = {
				kind = upToNextMajorVersion;
				minimumVersion = 2.3.1;
			};
		};
/* End XCRemoteSwiftPackageReference section */

/* Begin XCSwiftPackageProductDependency section */
		560FA2422B2E26A4004ED11D /* HomeAssistant */ = {
			isa = XCSwiftPackageProductDependency;
			productName = HomeAssistant;
		};
		56AD282B2B2C7BE80076CAF2 /* Factory */ = {
			isa = XCSwiftPackageProductDependency;
			package = 56AD282A2B2C7BE80076CAF2 /* XCRemoteSwiftPackageReference "Factory" */;
			productName = Factory;
		};
/* End XCSwiftPackageProductDependency section */
	};
	rootObject = 6839795927766E420033DFBA /* Project object */;
}
